{
  "name": "fullstack",
  "version": "1.0.0",
  "lockfileVersion": 3,
  "requires": true,
  "packages": {
    "": {
      "name": "fullstack",
      "version": "1.0.0",
      "license": "ISC",
      "dependencies": {
        "express-parser": "^1.0.0"
      }
    },
    "node_modules/express-parser": {
      "version": "1.0.0",
      "resolved": "https://registry.npmjs.org/express-parser/-/express-parser-1.0.0.tgz",
      "integrity": "sha512-ieY1mdISpb9BW6VN2laptNM45JswJaLsgoXyGgV4ipjyquXygcMWsPx/wUX6lSUozVcDBN+mqjFgOsPQqkZQXg==",
      "license": "ISC"
    }
  }
}
